// !$*UTF8*$!
{
	archiveVersion = 1;
	classes = {
	};
	objectVersion = 56;
	objects = {

/* Begin PBXBuildFile section */
		6F6F422A290107EA00E15CE4 /* AppDelegate.swift in Sources */ = {isa = PBXBuildFile; fileRef = 6F6F4229290107EA00E15CE4 /* AppDelegate.swift */; };
		6F6F422C290107EA00E15CE4 /* SceneDelegate.swift in Sources */ = {isa = PBXBuildFile; fileRef = 6F6F422B290107EA00E15CE4 /* SceneDelegate.swift */; };
		6F6F422E290107EA00E15CE4 /* ViewController.swift in Sources */ = {isa = PBXBuildFile; fileRef = 6F6F422D290107EA00E15CE4 /* ViewController.swift */; };
		6F6F4231290107EA00E15CE4 /* Main.storyboard in Resources */ = {isa = PBXBuildFile; fileRef = 6F6F422F290107EA00E15CE4 /* Main.storyboard */; };
		6F6F4233290107ED00E15CE4 /* Assets.xcassets in Resources */ = {isa = PBXBuildFile; fileRef = 6F6F4232290107ED00E15CE4 /* Assets.xcassets */; };
		6F6F4236290107ED00E15CE4 /* LaunchScreen.storyboard in Resources */ = {isa = PBXBuildFile; fileRef = 6F6F4234290107ED00E15CE4 /* LaunchScreen.storyboard */; };
		6F6F4241290107EE00E15CE4 /* MyQiitaTests.swift in Sources */ = {isa = PBXBuildFile; fileRef = 6F6F4240290107EE00E15CE4 /* MyQiitaTests.swift */; };
		6F6F424B290107EE00E15CE4 /* MyQiitaUITests.swift in Sources */ = {isa = PBXBuildFile; fileRef = 6F6F424A290107EE00E15CE4 /* MyQiitaUITests.swift */; };
		6F6F424D290107EE00E15CE4 /* MyQiitaUITestsLaunchTests.swift in Sources */ = {isa = PBXBuildFile; fileRef = 6F6F424C290107EE00E15CE4 /* MyQiitaUITestsLaunchTests.swift */; };
/* End PBXBuildFile section */

/* Begin PBXContainerItemProxy section */
		6F6F423D290107EE00E15CE4 /* PBXContainerItemProxy */ = {
			isa = PBXContainerItemProxy;
			containerPortal = 6F6F421E290107EA00E15CE4 /* Project object */;
			proxyType = 1;
			remoteGlobalIDString = 6F6F4225290107EA00E15CE4;
			remoteInfo = MyQiita;
		};
		6F6F4247290107EE00E15CE4 /* PBXContainerItemProxy */ = {
			isa = PBXContainerItemProxy;
			containerPortal = 6F6F421E290107EA00E15CE4 /* Project object */;
			proxyType = 1;
			remoteGlobalIDString = 6F6F4225290107EA00E15CE4;
			remoteInfo = MyQiita;
		};
/* End PBXContainerItemProxy section */

/* Begin PBXFileReference section */
		6F6F4226290107EA00E15CE4 /* MyQiita.app */ = {isa = PBXFileReference; explicitFileType = wrapper.application; includeInIndex = 0; path = MyQiita.app; sourceTree = BUILT_PRODUCTS_DIR; };
		6F6F4229290107EA00E15CE4 /* AppDelegate.swift */ = {isa = PBXFileReference; lastKnownFileType = sourcecode.swift; path = AppDelegate.swift; sourceTree = "<group>"; };
		6F6F422B290107EA00E15CE4 /* SceneDelegate.swift */ = {isa = PBXFileReference; lastKnownFileType = sourcecode.swift; path = SceneDelegate.swift; sourceTree = "<group>"; };
		6F6F422D290107EA00E15CE4 /* ViewController.swift */ = {isa = PBXFileReference; lastKnownFileType = sourcecode.swift; path = ViewController.swift; sourceTree = "<group>"; };
		6F6F4230290107EA00E15CE4 /* Base */ = {isa = PBXFileReference; lastKnownFileType = file.storyboard; name = Base; path = Base.lproj/Main.storyboard; sourceTree = "<group>"; };
		6F6F4232290107ED00E15CE4 /* Assets.xcassets */ = {isa = PBXFileReference; lastKnownFileType = folder.assetcatalog; path = Assets.xcassets; sourceTree = "<group>"; };
		6F6F4235290107ED00E15CE4 /* Base */ = {isa = PBXFileReference; lastKnownFileType = file.storyboard; name = Base; path = Base.lproj/LaunchScreen.storyboard; sourceTree = "<group>"; };
		6F6F4237290107ED00E15CE4 /* Info.plist */ = {isa = PBXFileReference; lastKnownFileType = text.plist.xml; path = Info.plist; sourceTree = "<group>"; };
		6F6F423C290107EE00E15CE4 /* MyQiitaTests.xctest */ = {isa = PBXFileReference; explicitFileType = wrapper.cfbundle; includeInIndex = 0; path = MyQiitaTests.xctest; sourceTree = BUILT_PRODUCTS_DIR; };
		6F6F4240290107EE00E15CE4 /* MyQiitaTests.swift */ = {isa = PBXFileReference; lastKnownFileType = sourcecode.swift; path = MyQiitaTests.swift; sourceTree = "<group>"; };
		6F6F4246290107EE00E15CE4 /* MyQiitaUITests.xctest */ = {isa = PBXFileReference; explicitFileType = wrapper.cfbundle; includeInIndex = 0; path = MyQiitaUITests.xctest; sourceTree = BUILT_PRODUCTS_DIR; };
		6F6F424A290107EE00E15CE4 /* MyQiitaUITests.swift */ = {isa = PBXFileReference; lastKnownFileType = sourcecode.swift; path = MyQiitaUITests.swift; sourceTree = "<group>"; };
		6F6F424C290107EE00E15CE4 /* MyQiitaUITestsLaunchTests.swift */ = {isa = PBXFileReference; lastKnownFileType = sourcecode.swift; path = MyQiitaUITestsLaunchTests.swift; sourceTree = "<group>"; };
/* End PBXFileReference section */

/* Begin PBXFrameworksBuildPhase section */
		6F6F4223290107EA00E15CE4 /* Frameworks */ = {
			isa = PBXFrameworksBuildPhase;
			buildActionMask = 2147483647;
			files = (
			);
			runOnlyForDeploymentPostprocessing = 0;
		};
		6F6F4239290107EE00E15CE4 /* Frameworks */ = {
			isa = PBXFrameworksBuildPhase;
			buildActionMask = 2147483647;
			files = (
			);
			runOnlyForDeploymentPostprocessing = 0;
		};
		6F6F4243290107EE00E15CE4 /* Frameworks */ = {
			isa = PBXFrameworksBuildPhase;
			buildActionMask = 2147483647;
			files = (
			);
			runOnlyForDeploymentPostprocessing = 0;
		};
/* End PBXFrameworksBuildPhase section */

/* Begin PBXGroup section */
		6F6F421D290107EA00E15CE4 = {
			isa = PBXGroup;
			children = (
				6F6F4228290107EA00E15CE4 /* MyQiita */,
				6F6F423F290107EE00E15CE4 /* MyQiitaTests */,
				6F6F4249290107EE00E15CE4 /* MyQiitaUITests */,
				6F6F4227290107EA00E15CE4 /* Products */,
			);
			sourceTree = "<group>";
		};
		6F6F4227290107EA00E15CE4 /* Products */ = {
			isa = PBXGroup;
			children = (
				6F6F4226290107EA00E15CE4 /* MyQiita.app */,
				6F6F423C290107EE00E15CE4 /* MyQiitaTests.xctest */,
				6F6F4246290107EE00E15CE4 /* MyQiitaUITests.xctest */,
			);
			name = Products;
			sourceTree = "<group>";
		};
		6F6F4228290107EA00E15CE4 /* MyQiita */ = {
			isa = PBXGroup;
			children = (
				6F6F4229290107EA00E15CE4 /* AppDelegate.swift */,
				6F6F422B290107EA00E15CE4 /* SceneDelegate.swift */,
				6F6F422D290107EA00E15CE4 /* ViewController.swift */,
				6F6F422F290107EA00E15CE4 /* Main.storyboard */,
				6F6F4232290107ED00E15CE4 /* Assets.xcassets */,
				6F6F4234290107ED00E15CE4 /* LaunchScreen.storyboard */,
				6F6F4237290107ED00E15CE4 /* Info.plist */,
			);
			path = MyQiita;
			sourceTree = "<group>";
		};
		6F6F423F290107EE00E15CE4 /* MyQiitaTests */ = {
			isa = PBXGroup;
			children = (
				6F6F4240290107EE00E15CE4 /* MyQiitaTests.swift */,
			);
			path = MyQiitaTests;
			sourceTree = "<group>";
		};
		6F6F4249290107EE00E15CE4 /* MyQiitaUITests */ = {
			isa = PBXGroup;
			children = (
				6F6F424A290107EE00E15CE4 /* MyQiitaUITests.swift */,
				6F6F424C290107EE00E15CE4 /* MyQiitaUITestsLaunchTests.swift */,
			);
			path = MyQiitaUITests;
			sourceTree = "<group>";
		};
/* End PBXGroup section */

/* Begin PBXNativeTarget section */
		6F6F4225290107EA00E15CE4 /* MyQiita */ = {
			isa = PBXNativeTarget;
			buildConfigurationList = 6F6F4250290107EE00E15CE4 /* Build configuration list for PBXNativeTarget "MyQiita" */;
			buildPhases = (
				6F6F4222290107EA00E15CE4 /* Sources */,
				6F6F4223290107EA00E15CE4 /* Frameworks */,
				6F6F4224290107EA00E15CE4 /* Resources */,
			);
			buildRules = (
			);
			dependencies = (
			);
			name = MyQiita;
			productName = MyQiita;
			productReference = 6F6F4226290107EA00E15CE4 /* MyQiita.app */;
			productType = "com.apple.product-type.application";
		};
		6F6F423B290107EE00E15CE4 /* MyQiitaTests */ = {
			isa = PBXNativeTarget;
			buildConfigurationList = 6F6F4253290107EE00E15CE4 /* Build configuration list for PBXNativeTarget "MyQiitaTests" */;
			buildPhases = (
				6F6F4238290107EE00E15CE4 /* Sources */,
				6F6F4239290107EE00E15CE4 /* Frameworks */,
				6F6F423A290107EE00E15CE4 /* Resources */,
			);
			buildRules = (
			);
			dependencies = (
				6F6F423E290107EE00E15CE4 /* PBXTargetDependency */,
			);
			name = MyQiitaTests;
			productName = MyQiitaTests;
			productReference = 6F6F423C290107EE00E15CE4 /* MyQiitaTests.xctest */;
			productType = "com.apple.product-type.bundle.unit-test";
		};
		6F6F4245290107EE00E15CE4 /* MyQiitaUITests */ = {
			isa = PBXNativeTarget;
			buildConfigurationList = 6F6F4256290107EE00E15CE4 /* Build configuration list for PBXNativeTarget "MyQiitaUITests" */;
			buildPhases = (
				6F6F4242290107EE00E15CE4 /* Sources */,
				6F6F4243290107EE00E15CE4 /* Frameworks */,
				6F6F4244290107EE00E15CE4 /* Resources */,
			);
			buildRules = (
			);
			dependencies = (
				6F6F4248290107EE00E15CE4 /* PBXTargetDependency */,
			);
			name = MyQiitaUITests;
			productName = MyQiitaUITests;
			productReference = 6F6F4246290107EE00E15CE4 /* MyQiitaUITests.xctest */;
			productType = "com.apple.product-type.bundle.ui-testing";
		};
/* End PBXNativeTarget section */

/* Begin PBXProject section */
		6F6F421E290107EA00E15CE4 /* Project object */ = {
			isa = PBXProject;
			attributes = {
				BuildIndependentTargetsInParallel = 1;
				LastSwiftUpdateCheck = 1400;
				LastUpgradeCheck = 1400;
				TargetAttributes = {
					6F6F4225290107EA00E15CE4 = {
						CreatedOnToolsVersion = 14.0;
					};
					6F6F423B290107EE00E15CE4 = {
						CreatedOnToolsVersion = 14.0;
						TestTargetID = 6F6F4225290107EA00E15CE4;
					};
					6F6F4245290107EE00E15CE4 = {
						CreatedOnToolsVersion = 14.0;
						TestTargetID = 6F6F4225290107EA00E15CE4;
					};
				};
			};
			buildConfigurationList = 6F6F4221290107EA00E15CE4 /* Build configuration list for PBXProject "MyQiita" */;
			compatibilityVersion = "Xcode 14.0";
			developmentRegion = en;
			hasScannedForEncodings = 0;
			knownRegions = (
				en,
				Base,
			);
			mainGroup = 6F6F421D290107EA00E15CE4;
			productRefGroup = 6F6F4227290107EA00E15CE4 /* Products */;
			projectDirPath = "";
			projectRoot = "";
			targets = (
				6F6F4225290107EA00E15CE4 /* MyQiita */,
				6F6F423B290107EE00E15CE4 /* MyQiitaTests */,
				6F6F4245290107EE00E15CE4 /* MyQiitaUITests */,
			);
		};
/* End PBXProject section */

/* Begin PBXResourcesBuildPhase section */
		6F6F4224290107EA00E15CE4 /* Resources */ = {
			isa = PBXResourcesBuildPhase;
			buildActionMask = 2147483647;
			files = (
				6F6F4236290107ED00E15CE4 /* LaunchScreen.storyboard in Resources */,
				6F6F4233290107ED00E15CE4 /* Assets.xcassets in Resources */,
				6F6F4231290107EA00E15CE4 /* Main.storyboard in Resources */,
			);
			runOnlyForDeploymentPostprocessing = 0;
		};
		6F6F423A290107EE00E15CE4 /* Resources */ = {
			isa = PBXResourcesBuildPhase;
			buildActionMask = 2147483647;
			files = (
			);
			runOnlyForDeploymentPostprocessing = 0;
		};
		6F6F4244290107EE00E15CE4 /* Resources */ = {
			isa = PBXResourcesBuildPhase;
			buildActionMask = 2147483647;
			files = (
			);
			runOnlyForDeploymentPostprocessing = 0;
		};
/* End PBXResourcesBuildPhase section */

/* Begin PBXSourcesBuildPhase section */
		6F6F4222290107EA00E15CE4 /* Sources */ = {
			isa = PBXSourcesBuildPhase;
			buildActionMask = 2147483647;
			files = (
				6F6F422E290107EA00E15CE4 /* ViewController.swift in Sources */,
				6F6F422A290107EA00E15CE4 /* AppDelegate.swift in Sources */,
				6F6F422C290107EA00E15CE4 /* SceneDelegate.swift in Sources */,
			);
			runOnlyForDeploymentPostprocessing = 0;
		};
		6F6F4238290107EE00E15CE4 /* Sources */ = {
			isa = PBXSourcesBuildPhase;
			buildActionMask = 2147483647;
			files = (
				6F6F4241290107EE00E15CE4 /* MyQiitaTests.swift in Sources */,
			);
			runOnlyForDeploymentPostprocessing = 0;
		};
		6F6F4242290107EE00E15CE4 /* Sources */ = {
			isa = PBXSourcesBuildPhase;
			buildActionMask = 2147483647;
			files = (
				6F6F424B290107EE00E15CE4 /* MyQiitaUITests.swift in Sources */,
				6F6F424D290107EE00E15CE4 /* MyQiitaUITestsLaunchTests.swift in Sources */,
			);
			runOnlyForDeploymentPostprocessing = 0;
		};
/* End PBXSourcesBuildPhase section */

/* Begin PBXTargetDependency section */
		6F6F423E290107EE00E15CE4 /* PBXTargetDependency */ = {
			isa = PBXTargetDependency;
			target = 6F6F4225290107EA00E15CE4 /* MyQiita */;
			targetProxy = 6F6F423D290107EE00E15CE4 /* PBXContainerItemProxy */;
		};
		6F6F4248290107EE00E15CE4 /* PBXTargetDependency */ = {
			isa = PBXTargetDependency;
			target = 6F6F4225290107EA00E15CE4 /* MyQiita */;
			targetProxy = 6F6F4247290107EE00E15CE4 /* PBXContainerItemProxy */;
		};
/* End PBXTargetDependency section */

/* Begin PBXVariantGroup section */
		6F6F422F290107EA00E15CE4 /* Main.storyboard */ = {
			isa = PBXVariantGroup;
			children = (
				6F6F4230290107EA00E15CE4 /* Base */,
			);
			name = Main.storyboard;
			sourceTree = "<group>";
		};
		6F6F4234290107ED00E15CE4 /* LaunchScreen.storyboard */ = {
			isa = PBXVariantGroup;
			children = (
				6F6F4235290107ED00E15CE4 /* Base */,
			);
			name = LaunchScreen.storyboard;
			sourceTree = "<group>";
		};
/* End PBXVariantGroup section */

/* Begin XCBuildConfiguration section */
		6F6F424E290107EE00E15CE4 /* Debug */ = {
			isa = XCBuildConfiguration;
			buildSettings = {
				ALWAYS_SEARCH_USER_PATHS = NO;
				CLANG_ANALYZER_NONNULL = YES;
				CLANG_ANALYZER_NUMBER_OBJECT_CONVERSION = YES_AGGRESSIVE;
				CLANG_CXX_LANGUAGE_STANDARD = "gnu++20";
				CLANG_ENABLE_MODULES = YES;
				CLANG_ENABLE_OBJC_ARC = YES;
				CLANG_ENABLE_OBJC_WEAK = YES;
				CLANG_WARN_BLOCK_CAPTURE_AUTORELEASING = YES;
				CLANG_WARN_BOOL_CONVERSION = YES;
				CLANG_WARN_COMMA = YES;
				CLANG_WARN_CONSTANT_CONVERSION = YES;
				CLANG_WARN_DEPRECATED_OBJC_IMPLEMENTATIONS = YES;
				CLANG_WARN_DIRECT_OBJC_ISA_USAGE = YES_ERROR;
				CLANG_WARN_DOCUMENTATION_COMMENTS = YES;
				CLANG_WARN_EMPTY_BODY = YES;
				CLANG_WARN_ENUM_CONVERSION = YES;
				CLANG_WARN_INFINITE_RECURSION = YES;
				CLANG_WARN_INT_CONVERSION = YES;
				CLANG_WARN_NON_LITERAL_NULL_CONVERSION = YES;
				CLANG_WARN_OBJC_IMPLICIT_RETAIN_SELF = YES;
				CLANG_WARN_OBJC_LITERAL_CONVERSION = YES;
				CLANG_WARN_OBJC_ROOT_CLASS = YES_ERROR;
				CLANG_WARN_QUOTED_INCLUDE_IN_FRAMEWORK_HEADER = YES;
				CLANG_WARN_RANGE_LOOP_ANALYSIS = YES;
				CLANG_WARN_STRICT_PROTOTYPES = YES;
				CLANG_WARN_SUSPICIOUS_MOVE = YES;
				CLANG_WARN_UNGUARDED_AVAILABILITY = YES_AGGRESSIVE;
				CLANG_WARN_UNREACHABLE_CODE = YES;
				CLANG_WARN__DUPLICATE_METHOD_MATCH = YES;
				COPY_PHASE_STRIP = NO;
				DEBUG_INFORMATION_FORMAT = dwarf;
				ENABLE_STRICT_OBJC_MSGSEND = YES;
				ENABLE_TESTABILITY = YES;
				GCC_C_LANGUAGE_STANDARD = gnu11;
				GCC_DYNAMIC_NO_PIC = NO;
				GCC_NO_COMMON_BLOCKS = YES;
				GCC_OPTIMIZATION_LEVEL = 0;
				GCC_PREPROCESSOR_DEFINITIONS = (
					"DEBUG=1",
					"$(inherited)",
				);
				GCC_WARN_64_TO_32_BIT_CONVERSION = YES;
				GCC_WARN_ABOUT_RETURN_TYPE = YES_ERROR;
				GCC_WARN_UNDECLARED_SELECTOR = YES;
				GCC_WARN_UNINITIALIZED_AUTOS = YES_AGGRESSIVE;
				GCC_WARN_UNUSED_FUNCTION = YES;
				GCC_WARN_UNUSED_VARIABLE = YES;
				IPHONEOS_DEPLOYMENT_TARGET = 16.0;
				MTL_ENABLE_DEBUG_INFO = INCLUDE_SOURCE;
				MTL_FAST_MATH = YES;
				ONLY_ACTIVE_ARCH = YES;
				SDKROOT = iphoneos;
				SWIFT_ACTIVE_COMPILATION_CONDITIONS = DEBUG;
				SWIFT_OPTIMIZATION_LEVEL = "-Onone";
			};
			name = Debug;
		};
		6F6F424F290107EE00E15CE4 /* Release */ = {
			isa = XCBuildConfiguration;
			buildSettings = {
				ALWAYS_SEARCH_USER_PATHS = NO;
				CLANG_ANALYZER_NONNULL = YES;
				CLANG_ANALYZER_NUMBER_OBJECT_CONVERSION = YES_AGGRESSIVE;
				CLANG_CXX_LANGUAGE_STANDARD = "gnu++20";
				CLANG_ENABLE_MODULES = YES;
				CLANG_ENABLE_OBJC_ARC = YES;
				CLANG_ENABLE_OBJC_WEAK = YES;
				CLANG_WARN_BLOCK_CAPTURE_AUTORELEASING = YES;
				CLANG_WARN_BOOL_CONVERSION = YES;
				CLANG_WARN_COMMA = YES;
				CLANG_WARN_CONSTANT_CONVERSION = YES;
				CLANG_WARN_DEPRECATED_OBJC_IMPLEMENTATIONS = YES;
				CLANG_WARN_DIRECT_OBJC_ISA_USAGE = YES_ERROR;
				CLANG_WARN_DOCUMENTATION_COMMENTS = YES;
				CLANG_WARN_EMPTY_BODY = YES;
				CLANG_WARN_ENUM_CONVERSION = YES;
				CLANG_WARN_INFINITE_RECURSION = YES;
				CLANG_WARN_INT_CONVERSION = YES;
				CLANG_WARN_NON_LITERAL_NULL_CONVERSION = YES;
				CLANG_WARN_OBJC_IMPLICIT_RETAIN_SELF = YES;
				CLANG_WARN_OBJC_LITERAL_CONVERSION = YES;
				CLANG_WARN_OBJC_ROOT_CLASS = YES_ERROR;
				CLANG_WARN_QUOTED_INCLUDE_IN_FRAMEWORK_HEADER = YES;
				CLANG_WARN_RANGE_LOOP_ANALYSIS = YES;
				CLANG_WARN_STRICT_PROTOTYPES = YES;
				CLANG_WARN_SUSPICIOUS_MOVE = YES;
				CLANG_WARN_UNGUARDED_AVAILABILITY = YES_AGGRESSIVE;
				CLANG_WARN_UNREACHABLE_CODE = YES;
				CLANG_WARN__DUPLICATE_METHOD_MATCH = YES;
				COPY_PHASE_STRIP = NO;
				DEBUG_INFORMATION_FORMAT = "dwarf-with-dsym";
				ENABLE_NS_ASSERTIONS = NO;
				ENABLE_STRICT_OBJC_MSGSEND = YES;
				GCC_C_LANGUAGE_STANDARD = gnu11;
				GCC_NO_COMMON_BLOCKS = YES;
				GCC_WARN_64_TO_32_BIT_CONVERSION = YES;
				GCC_WARN_ABOUT_RETURN_TYPE = YES_ERROR;
				GCC_WARN_UNDECLARED_SELECTOR = YES;
				GCC_WARN_UNINITIALIZED_AUTOS = YES_AGGRESSIVE;
				GCC_WARN_UNUSED_FUNCTION = YES;
				GCC_WARN_UNUSED_VARIABLE = YES;
				IPHONEOS_DEPLOYMENT_TARGET = 16.0;
				MTL_ENABLE_DEBUG_INFO = NO;
				MTL_FAST_MATH = YES;
				SDKROOT = iphoneos;
				SWIFT_COMPILATION_MODE = wholemodule;
				SWIFT_OPTIMIZATION_LEVEL = "-O";
				VALIDATE_PRODUCT = YES;
			};
			name = Release;
		};
		6F6F4251290107EE00E15CE4 /* Debug */ = {
			isa = XCBuildConfiguration;
			buildSettings = {
				ASSETCATALOG_COMPILER_APPICON_NAME = AppIcon;
				ASSETCATALOG_COMPILER_GLOBAL_ACCENT_COLOR_NAME = AccentColor;
				CODE_SIGN_STYLE = Automatic;
				CURRENT_PROJECT_VERSION = 1;
				DEVELOPMENT_TEAM = BRW64V2HM8;
				GENERATE_INFOPLIST_FILE = YES;
				INFOPLIST_FILE = MyQiita/Info.plist;
				INFOPLIST_KEY_UIApplicationSupportsIndirectInputEvents = YES;
				INFOPLIST_KEY_UILaunchStoryboardName = LaunchScreen;
				INFOPLIST_KEY_UIMainStoryboardFile = Main;
				INFOPLIST_KEY_UISupportedInterfaceOrientations_iPad = "UIInterfaceOrientationPortrait UIInterfaceOrientationPortraitUpsideDown UIInterfaceOrientationLandscapeLeft UIInterfaceOrientationLandscapeRight";
				INFOPLIST_KEY_UISupportedInterfaceOrientations_iPhone = "UIInterfaceOrientationPortrait UIInterfaceOrientationLandscapeLeft UIInterfaceOrientationLandscapeRight";
				LD_RUNPATH_SEARCH_PATHS = (
					"$(inherited)",
					"@executable_path/Frameworks",
				);
				MARKETING_VERSION = 1.0;
				PRODUCT_BUNDLE_IDENTIFIER = shihomiKitajima.MyQiita;
				PRODUCT_NAME = "$(TARGET_NAME)";
				SWIFT_EMIT_LOC_STRINGS = YES;
				SWIFT_VERSION = 5.0;
				TARGETED_DEVICE_FAMILY = "1,2";
			};
			name = Debug;
		};
		6F6F4252290107EE00E15CE4 /* Release */ = {
			isa = XCBuildConfiguration;
			buildSettings = {
				ASSETCATALOG_COMPILER_APPICON_NAME = AppIcon;
				ASSETCATALOG_COMPILER_GLOBAL_ACCENT_COLOR_NAME = AccentColor;
				CODE_SIGN_STYLE = Automatic;
				CURRENT_PROJECT_VERSION = 1;
				DEVELOPMENT_TEAM = BRW64V2HM8;
				GENERATE_INFOPLIST_FILE = YES;
				INFOPLIST_FILE = MyQiita/Info.plist;
				INFOPLIST_KEY_UIApplicationSupportsIndirectInputEvents = YES;
				INFOPLIST_KEY_UILaunchStoryboardName = LaunchScreen;
				INFOPLIST_KEY_UIMainStoryboardFile = Main;
				INFOPLIST_KEY_UISupportedInterfaceOrientations_iPad = "UIInterfaceOrientationPortrait UIInterfaceOrientationPortraitUpsideDown UIInterfaceOrientationLandscapeLeft UIInterfaceOrientationLandscapeRight";
				INFOPLIST_KEY_UISupportedInterfaceOrientations_iPhone = "UIInterfaceOrientationPortrait UIInterfaceOrientationLandscapeLeft UIInterfaceOrientationLandscapeRight";
				LD_RUNPATH_SEARCH_PATHS = (
					"$(inherited)",
					"@executable_path/Frameworks",
				);
				MARKETING_VERSION = 1.0;
				PRODUCT_BUNDLE_IDENTIFIER = shihomiKitajima.MyQiita;
				PRODUCT_NAME = "$(TARGET_NAME)";
				SWIFT_EMIT_LOC_STRINGS = YES;
				SWIFT_VERSION = 5.0;
				TARGETED_DEVICE_FAMILY = "1,2";
			};
			name = Release;
		};
		6F6F4254290107EE00E15CE4 /* Debug */ = {
			isa = XCBuildConfiguration;
			buildSettings = {
				ALWAYS_EMBED_SWIFT_STANDARD_LIBRARIES = YES;
				BUNDLE_LOADER = "$(TEST_HOST)";
				CODE_SIGN_STYLE = Automatic;
				CURRENT_PROJECT_VERSION = 1;
				DEVELOPMENT_TEAM = BRW64V2HM8;
				GENERATE_INFOPLIST_FILE = YES;
				IPHONEOS_DEPLOYMENT_TARGET = 16.0;
				MARKETING_VERSION = 1.0;
				PRODUCT_BUNDLE_IDENTIFIER = shihomiKitajima.MyQiitaTests;
				PRODUCT_NAME = "$(TARGET_NAME)";
				SWIFT_EMIT_LOC_STRINGS = NO;
				SWIFT_VERSION = 5.0;
				TARGETED_DEVICE_FAMILY = "1,2";
				TEST_HOST = "$(BUILT_PRODUCTS_DIR)/MyQiita.app/$(BUNDLE_EXECUTABLE_FOLDER_PATH)/MyQiita";
			};
			name = Debug;
		};
		6F6F4255290107EE00E15CE4 /* Release */ = {
			isa = XCBuildConfiguration;
			buildSettings = {
				ALWAYS_EMBED_SWIFT_STANDARD_LIBRARIES = YES;
				BUNDLE_LOADER = "$(TEST_HOST)";
				CODE_SIGN_STYLE = Automatic;
				CURRENT_PROJECT_VERSION = 1;
				DEVELOPMENT_TEAM = BRW64V2HM8;
				GENERATE_INFOPLIST_FILE = YES;
				IPHONEOS_DEPLOYMENT_TARGET = 16.0;
				MARKETING_VERSION = 1.0;
				PRODUCT_BUNDLE_IDENTIFIER = shihomiKitajima.MyQiitaTests;
				PRODUCT_NAME = "$(TARGET_NAME)";
				SWIFT_EMIT_LOC_STRINGS = NO;
				SWIFT_VERSION = 5.0;
				TARGETED_DEVICE_FAMILY = "1,2";
				TEST_HOST = "$(BUILT_PRODUCTS_DIR)/MyQiita.app/$(BUNDLE_EXECUTABLE_FOLDER_PATH)/MyQiita";
			};
			name = Release;
		};
		6F6F4257290107EE00E15CE4 /* Debug */ = {
			isa = XCBuildConfiguration;
			buildSettings = {
				ALWAYS_EMBED_SWIFT_STANDARD_LIBRARIES = YES;
				CODE_SIGN_STYLE = Automatic;
				CURRENT_PROJECT_VERSION = 1;
				DEVELOPMENT_TEAM = BRW64V2HM8;
				GENERATE_INFOPLIST_FILE = YES;
				MARKETING_VERSION = 1.0;
				PRODUCT_BUNDLE_IDENTIFIER = shihomiKitajima.MyQiitaUITests;
				PRODUCT_NAME = "$(TARGET_NAME)";
				SWIFT_EMIT_LOC_STRINGS = NO;
				SWIFT_VERSION = 5.0;
				TARGETED_DEVICE_FAMILY = "1,2";
				TEST_TARGET_NAME = MyQiita;
			};
			name = Debug;
		};
		6F6F4258290107EE00E15CE4 /* Release */ = {
			isa = XCBuildConfiguration;
			buildSettings = {
				ALWAYS_EMBED_SWIFT_STANDARD_LIBRARIES = YES;
				CODE_SIGN_STYLE = Automatic;
				CURRENT_PROJECT_VERSION = 1;
				DEVELOPMENT_TEAM = BRW64V2HM8;
				GENERATE_INFOPLIST_FILE = YES;
				MARKETING_VERSION = 1.0;
				PRODUCT_BUNDLE_IDENTIFIER = shihomiKitajima.MyQiitaUITests;
				PRODUCT_NAME = "$(TARGET_NAME)";
				SWIFT_EMIT_LOC_STRINGS = NO;
				SWIFT_VERSION = 5.0;
				TARGETED_DEVICE_FAMILY = "1,2";
				TEST_TARGET_NAME = MyQiita;
			};
			name = Release;
		};
/* End XCBuildConfiguration section */

/* Begin XCConfigurationList section */
		6F6F4221290107EA00E15CE4 /* Build configuration list for PBXProject "MyQiita" */ = {
			isa = XCConfigurationList;
			buildConfigurations = (
				6F6F424E290107EE00E15CE4 /* Debug */,
				6F6F424F290107EE00E15CE4 /* Release */,
			);
			defaultConfigurationIsVisible = 0;
			defaultConfigurationName = Release;
		};
		6F6F4250290107EE00E15CE4 /* Build configuration list for PBXNativeTarget "MyQiita" */ = {
			isa = XCConfigurationList;
			buildConfigurations = (
				6F6F4251290107EE00E15CE4 /* Debug */,
				6F6F4252290107EE00E15CE4 /* Release */,
			);
			defaultConfigurationIsVisible = 0;
			defaultConfigurationName = Release;
		};
		6F6F4253290107EE00E15CE4 /* Build configuration list for PBXNativeTarget "MyQiitaTests" */ = {
			isa = XCConfigurationList;
			buildConfigurations = (
				6F6F4254290107EE00E15CE4 /* Debug */,
				6F6F4255290107EE00E15CE4 /* Release */,
			);
			defaultConfigurationIsVisible = 0;
			defaultConfigurationName = Release;
		};
		6F6F4256290107EE00E15CE4 /* Build configuration list for PBXNativeTarget "MyQiitaUITests" */ = {
			isa = XCConfigurationList;
			buildConfigurations = (
				6F6F4257290107EE00E15CE4 /* Debug */,
				6F6F4258290107EE00E15CE4 /* Release */,
			);
			defaultConfigurationIsVisible = 0;
			defaultConfigurationName = Release;
		};
/* End XCConfigurationList section */
	};
	rootObject = 6F6F421E290107EA00E15CE4 /* Project object */;
}
